{
    "_meta": {
        "hash": {
            "sha256": "ef3997dfb4f03849d2990e99a90dfcbe06b01d57d9f6ee59d0df32f4903e07cd"
        },
        "pipfile-spec": 6,
        "requires": {
            "python_version": "3.9"
        },
        "sources": [
            {
                "name": "pypi",
                "url": "https://pypi.org/simple",
                "verify_ssl": true
            }
        ]
    },
    "default": {
        "asgiref": {
            "hashes": [
                "sha256:2f8abc20f7248433085eda803936d98992f1343ddb022065779f37c5da0181d0",
                "sha256:88d59c13d634dcffe0510be048210188edd79aeccb6a6c9028cdad6f31d730a9"
            ],
            "version": "==3.5.0"
        },
        "django": {
            "hashes": [
                "sha256:1239218849e922033a35d2a2f777cb8bee18bd725416744074f455f34ff50d0c",
                "sha256:77ff2e7050e3324c9b67e29b6707754566f58514112a9ac73310f60cd5261930"
            ],
            "index": "pypi",
            "version": "==4.0.3"
        },
        "django-multiselectfield": {
            "hashes": [
                "sha256:c270faa7f80588214c55f2d68cbddb2add525c2aa830c216b8a198de914eb470",
                "sha256:d0a4c71568fb2332c71478ffac9f8708e01314a35cf923dfd7a191343452f9f9"
            ],
            "index": "pypi",
            "version": "==0.1.12"
        },
        "sqlparse": {
            "hashes": [
                "sha256:0c00730c74263a94e5a9919ade150dfc3b19c574389985446148402998287dae",
                "sha256:48719e356bb8b42991bdbb1e8b83223757b93789c00910a616a071910ca4a64d"
            ],
            "version": "==0.4.2"
        }
    },
    "develop": {}
}
